NeoBundleLock jasegment.vim e5961a355a95dfaf931e023f6e3bbfdb9231c1be
NeoBundleLock jedi-vim 026ae6be03323193850f83109a80982808a7621b
NeoBundleLock jellybeans.vim 713e530afe6d27de2afa63deb8e172cd97c0d48f
NeoBundleLock neocomplete.vim 75b2ea052310bf4615c739808ba9de03f8cdc113
NeoBundleLock neoinclude.vim eb0c9206a673ca7ce737a4bd1eca5deb1690a563
NeoBundleLock nerdtree b9ad20c0b19ea39bbcf38fd3eca9543ebc359b72
NeoBundleLock unite.vim d903c78696d1ce063f79d66f0b4cbc2567a901f5
NeoBundleLock vim-clang 32291b6f1701e588f4898e0b8a9af9375f77e1c3
NeoBundleLock vim-clang-format b84a2a819cbbd29a9f0fdb190717de1d0d9e1afc
NeoBundleLock vim-hybrid cc58baabeabc7b83768e25b852bf89c34756bf90
NeoBundleLock vim-operator-user c3dfd41c1ed516b4b901c97562e644de62c367aa
NeoBundleLock vim-quickrun 4100b364fff7e38cc5f1715f7461a8be9e83d589
NeoBundleLock vim-submode d44a302b3ca97c8014c35c93893ca8fec0b95e4e
NeoBundleLock vimproc.vim 25cb83f24edec4aec1e9f1329302235e7a7a7fe0
