NeoBundleLock jasegment.vim e5961a355a95dfaf931e023f6e3bbfdb9231c1be
NeoBundleLock jedi-vim 026ae6be03323193850f83109a80982808a7621b
NeoBundleLock jellybeans.vim 7a637372d0ed43ca740426f010cd0963c358aaf2
NeoBundleLock neocomplete.vim bbdb6ce7e75cb035bdf40898fdcc1e9fb6304575
NeoBundleLock neoinclude.vim eb0c9206a673ca7ce737a4bd1eca5deb1690a563
NeoBundleLock nerdtree 29cf96e45b4830a9a2351514fe102bb7a95a27d5
NeoBundleLock unite.vim db619c208bd0f75f0e5ee3db2ed029cd52020585
NeoBundleLock vim-clang 32291b6f1701e588f4898e0b8a9af9375f77e1c3
NeoBundleLock vim-clang-format b84a2a819cbbd29a9f0fdb190717de1d0d9e1afc
NeoBundleLock vim-hybrid cc58baabeabc7b83768e25b852bf89c34756bf90
NeoBundleLock vim-operator-user c3dfd41c1ed516b4b901c97562e644de62c367aa
NeoBundleLock vim-quickrun a9a68fb6356aeaf3e5d6193cc448db3c937cb281
NeoBundleLock vim-submode d44a302b3ca97c8014c35c93893ca8fec0b95e4e
NeoBundleLock vimproc.vim 25cb83f24edec4aec1e9f1329302235e7a7a7fe0
