NeoBundleLock jasegment.vim e5961a355a95dfaf931e023f6e3bbfdb9231c1be
NeoBundleLock jedi-vim 026ae6be03323193850f83109a80982808a7621b
NeoBundleLock jellybeans.vim e0b9ef9ff42b91133d7da5d36d2c264994cc3cdd
NeoBundleLock neocomplete.vim d78a119ad8469dfc58754c10eec94bc2791c041a
NeoBundleLock neoinclude.vim 6b808a5398e292291f047b12501c886015ad1bed
NeoBundleLock nerdtree 15445be5fb2559829ac7a1f05af5d713586e8ec9
NeoBundleLock unite.vim 6057fb4637047bb1094d36b883c23a594de793c2
NeoBundleLock vim-clang 739c9d4103adaaf64be5f27d1cf7c792c3bc9887
NeoBundleLock vim-clang-format 8e1baaa71cfb970aba261eb9a1652ec73739c4a2
NeoBundleLock vim-hybrid cc58baabeabc7b83768e25b852bf89c34756bf90
NeoBundleLock vim-operator-user c3dfd41c1ed516b4b901c97562e644de62c367aa
NeoBundleLock vim-quickrun bb4daff0342ce3311b7f6c2fd3e2160f2be9e374
NeoBundleLock vim-submode d44a302b3ca97c8014c35c93893ca8fec0b95e4e
NeoBundleLock vimproc.vim c2f6b82af60a4e7acde0e8dc4e6b6f5dc1cc8e1d
